
Microsoft Visual Studio Solution File, Format Version 12.00
# Visual Studio 15
VisualStudioVersion = 15.0.28010.2036
MinimumVisualStudioVersion = 10.0.40219.1
Project("{2150E333-8FDC-42A3-9474-1A3956D46DE8}") = "Nuget", "Nuget", "{40BC8178-6D06-4DB4-B3E8-050963369487}"
	ProjectSection(SolutionItems) = preProject
		Nuget\CppCheckTask.nuspec = Nuget\CppCheckTask.nuspec
		Nuget\CppCheckTask.targets = Nuget\CppCheckTask.targets
		Nuget\CppLintTask.nuspec = Nuget\CppLintTask.nuspec
		Nuget\CppLintTask.targets = Nuget\CppLintTask.targets
		Nuget\GtestRunnerTask.nuspec = Nuget\GtestRunnerTask.nuspec
		Nuget\GtestRunnerTask.targets = Nuget\GtestRunnerTask.targets
		Nuget\IntelInspectorTask.nuspec = Nuget\IntelInspectorTask.nuspec
		Nuget\IntelInspectorTask.targets = Nuget\IntelInspectorTask.targets
		Nuget\RatsTask.nuspec = Nuget\RatsTask.nuspec
		Nuget\RatsTask.targets = Nuget\RatsTask.targets
		Nuget\VeraTask.nuspec = Nuget\VeraTask.nuspec
		Nuget\VeraTask.targets = Nuget\VeraTask.targets
	EndProjectSection
EndProject
Project("{6EC3EE1D-3C4E-46DD-8F32-0CC8E7565705}") = "MsbuildTaskUtils", "Common\MsbuildTaskUtils\MsbuildTaskUtils.fsproj", "{8E7D4AC9-AB34-4F3A-BFC6-7BC7B9AAC9AE}"
EndProject
Project("{6EC3EE1D-3C4E-46DD-8F32-0CC8E7565705}") = "RatsTask.Test", "CppTasks\RatsTask.Test\RatsTask.Test.fsproj", "{DE26488A-A102-42B5-8DF6-63AF374926C5}"
EndProject
Project("{6EC3EE1D-3C4E-46DD-8F32-0CC8E7565705}") = "VeraTask.Test", "CppTasks\VeraTask.Test\VeraTask.Test.fsproj", "{9C415DD8-24CF-413E-A78C-B39125E38B65}"
EndProject
Project("{6EC3EE1D-3C4E-46DD-8F32-0CC8E7565705}") = "GtestXunitConverterTask.Test", "CppTasks\GtestXunitConverterTask.Test\GtestXunitConverterTask.Test.fsproj", "{E4587340-6DFF-4419-8C0F-712CCD0C94A4}"
EndProject
Project("{2150E333-8FDC-42A3-9474-1A3956D46DE8}") = "CppTasks", "CppTasks", "{9AC7529B-D6E4-4FF6-B3DC-6305F99B6C5C}"
EndProject
Project("{2150E333-8FDC-42A3-9474-1A3956D46DE8}") = "Common", "Common", "{87CA7057-3A23-4358-B185-F2128016264F}"
EndProject
Project("{6EC3EE1D-3C4E-46DD-8F32-0CC8E7565705}") = "CxxSonarQubeRunner", "CxxSonarQubeRunner\CxxSonarQubeRunner.fsproj", "{34C6BEDE-002F-4AD2-BECA-F3149A684063}"
EndProject
Project("{6EC3EE1D-3C4E-46DD-8F32-0CC8E7565705}") = "CppCheckTask", "CppTasks\CppCheckTask\CppCheckTask.fsproj", "{60CC3F3B-2F9A-4C2F-9980-AB467C740D89}"
EndProject
Project("{6EC3EE1D-3C4E-46DD-8F32-0CC8E7565705}") = "CppCheckTask.Test", "CppTasks\CppCheckTask.Test\CppCheckTask.Test.fsproj", "{DB44DD2C-2EA5-4A84-AC27-F434032A7A8F}"
EndProject
Project("{6EC3EE1D-3C4E-46DD-8F32-0CC8E7565705}") = "RatsTask", "CppTasks\RatsTask\RatsTask.fsproj", "{0EA2AF4E-6D16-4BD2-9177-4FDF10F5F6AD}"
EndProject
Project("{6EC3EE1D-3C4E-46DD-8F32-0CC8E7565705}") = "VeraTask", "CppTasks\VeraTask\VeraTask.fsproj", "{0809C737-7D96-4653-8342-EA1E32CB3469}"
EndProject
Project("{6EC3EE1D-3C4E-46DD-8F32-0CC8E7565705}") = "CppLintTask", "CppTasks\CppLintTask\CppLintTask.fsproj", "{575140D7-D8EE-49BA-800C-9C821230DD7E}"
EndProject
Project("{6EC3EE1D-3C4E-46DD-8F32-0CC8E7565705}") = "CppLintTask.Test", "CppTasks\CppLintTask.Test\CppLintTask.Test.fsproj", "{AD30BC22-20CB-4E91-898B-A22116486C95}"
EndProject
Project("{6EC3EE1D-3C4E-46DD-8F32-0CC8E7565705}") = "GtestXunitConverterTask", "CppTasks\GtestXunitConverterTask\GtestXunitConverterTask.fsproj", "{BFAAB356-F67D-40A7-9526-2B279F458E87}"
EndProject
Project("{6EC3EE1D-3C4E-46DD-8F32-0CC8E7565705}") = "InspectorTask", "CppTasks\InspectorTask\InspectorTask.fsproj", "{1E2ADB20-40C8-421D-BBC5-935485740C52}"
EndProject
Project("{6EC3EE1D-3C4E-46DD-8F32-0CC8E7565705}") = "MsbuildTaskUtils.Test", "Common\MsbuildTaskUtils.Test\MsbuildTaskUtils.Test.fsproj", "{10ECBB03-57FD-4DB9-9531-28309639560E}"
EndProject
Global
	GlobalSection(SolutionConfigurationPlatforms) = preSolution
		Debug|Any CPU = Debug|Any CPU
		Release|Any CPU = Release|Any CPU
	EndGlobalSection
	GlobalSection(ProjectConfigurationPlatforms) = postSolution
		{8E7D4AC9-AB34-4F3A-BFC6-7BC7B9AAC9AE}.Debug|Any CPU.ActiveCfg = Debug|Any CPU
		{8E7D4AC9-AB34-4F3A-BFC6-7BC7B9AAC9AE}.Debug|Any CPU.Build.0 = Debug|Any CPU
		{8E7D4AC9-AB34-4F3A-BFC6-7BC7B9AAC9AE}.Release|Any CPU.ActiveCfg = Release|Any CPU
		{8E7D4AC9-AB34-4F3A-BFC6-7BC7B9AAC9AE}.Release|Any CPU.Build.0 = Release|Any CPU
		{DE26488A-A102-42B5-8DF6-63AF374926C5}.Debug|Any CPU.ActiveCfg = Debug|Any CPU
		{DE26488A-A102-42B5-8DF6-63AF374926C5}.Debug|Any CPU.Build.0 = Debug|Any CPU
		{DE26488A-A102-42B5-8DF6-63AF374926C5}.Release|Any CPU.ActiveCfg = Release|Any CPU
		{DE26488A-A102-42B5-8DF6-63AF374926C5}.Release|Any CPU.Build.0 = Release|Any CPU
		{9C415DD8-24CF-413E-A78C-B39125E38B65}.Debug|Any CPU.ActiveCfg = Debug|Any CPU
		{9C415DD8-24CF-413E-A78C-B39125E38B65}.Debug|Any CPU.Build.0 = Debug|Any CPU
		{9C415DD8-24CF-413E-A78C-B39125E38B65}.Release|Any CPU.ActiveCfg = Release|Any CPU
		{9C415DD8-24CF-413E-A78C-B39125E38B65}.Release|Any CPU.Build.0 = Release|Any CPU
		{E4587340-6DFF-4419-8C0F-712CCD0C94A4}.Debug|Any CPU.ActiveCfg = Debug|Any CPU
		{E4587340-6DFF-4419-8C0F-712CCD0C94A4}.Debug|Any CPU.Build.0 = Debug|Any CPU
		{E4587340-6DFF-4419-8C0F-712CCD0C94A4}.Release|Any CPU.ActiveCfg = Release|Any CPU
		{E4587340-6DFF-4419-8C0F-712CCD0C94A4}.Release|Any CPU.Build.0 = Release|Any CPU
		{34C6BEDE-002F-4AD2-BECA-F3149A684063}.Debug|Any CPU.ActiveCfg = Debug|Any CPU
		{34C6BEDE-002F-4AD2-BECA-F3149A684063}.Debug|Any CPU.Build.0 = Debug|Any CPU
		{34C6BEDE-002F-4AD2-BECA-F3149A684063}.Release|Any CPU.ActiveCfg = Release|Any CPU
		{34C6BEDE-002F-4AD2-BECA-F3149A684063}.Release|Any CPU.Build.0 = Release|Any CPU
		{60CC3F3B-2F9A-4C2F-9980-AB467C740D89}.Debug|Any CPU.ActiveCfg = Debug|Any CPU
		{60CC3F3B-2F9A-4C2F-9980-AB467C740D89}.Debug|Any CPU.Build.0 = Debug|Any CPU
		{60CC3F3B-2F9A-4C2F-9980-AB467C740D89}.Release|Any CPU.ActiveCfg = Release|Any CPU
		{60CC3F3B-2F9A-4C2F-9980-AB467C740D89}.Release|Any CPU.Build.0 = Release|Any CPU
		{DB44DD2C-2EA5-4A84-AC27-F434032A7A8F}.Debug|Any CPU.ActiveCfg = Debug|Any CPU
		{DB44DD2C-2EA5-4A84-AC27-F434032A7A8F}.Debug|Any CPU.Build.0 = Debug|Any CPU
		{DB44DD2C-2EA5-4A84-AC27-F434032A7A8F}.Release|Any CPU.ActiveCfg = Release|Any CPU
		{DB44DD2C-2EA5-4A84-AC27-F434032A7A8F}.Release|Any CPU.Build.0 = Release|Any CPU
		{0EA2AF4E-6D16-4BD2-9177-4FDF10F5F6AD}.Debug|Any CPU.ActiveCfg = Debug|Any CPU
		{0EA2AF4E-6D16-4BD2-9177-4FDF10F5F6AD}.Debug|Any CPU.Build.0 = Debug|Any CPU
		{0EA2AF4E-6D16-4BD2-9177-4FDF10F5F6AD}.Release|Any CPU.ActiveCfg = Release|Any CPU
		{0EA2AF4E-6D16-4BD2-9177-4FDF10F5F6AD}.Release|Any CPU.Build.0 = Release|Any CPU
		{0809C737-7D96-4653-8342-EA1E32CB3469}.Debug|Any CPU.ActiveCfg = Debug|Any CPU
		{0809C737-7D96-4653-8342-EA1E32CB3469}.Debug|Any CPU.Build.0 = Debug|Any CPU
		{0809C737-7D96-4653-8342-EA1E32CB3469}.Release|Any CPU.ActiveCfg = Release|Any CPU
		{0809C737-7D96-4653-8342-EA1E32CB3469}.Release|Any CPU.Build.0 = Release|Any CPU
		{575140D7-D8EE-49BA-800C-9C821230DD7E}.Debug|Any CPU.ActiveCfg = Debug|Any CPU
		{575140D7-D8EE-49BA-800C-9C821230DD7E}.Debug|Any CPU.Build.0 = Debug|Any CPU
		{575140D7-D8EE-49BA-800C-9C821230DD7E}.Release|Any CPU.ActiveCfg = Release|Any CPU
		{575140D7-D8EE-49BA-800C-9C821230DD7E}.Release|Any CPU.Build.0 = Release|Any CPU
		{AD30BC22-20CB-4E91-898B-A22116486C95}.Debug|Any CPU.ActiveCfg = Debug|Any CPU
		{AD30BC22-20CB-4E91-898B-A22116486C95}.Debug|Any CPU.Build.0 = Debug|Any CPU
		{AD30BC22-20CB-4E91-898B-A22116486C95}.Release|Any CPU.ActiveCfg = Release|Any CPU
		{AD30BC22-20CB-4E91-898B-A22116486C95}.Release|Any CPU.Build.0 = Release|Any CPU
		{BFAAB356-F67D-40A7-9526-2B279F458E87}.Debug|Any CPU.ActiveCfg = Debug|Any CPU
		{BFAAB356-F67D-40A7-9526-2B279F458E87}.Debug|Any CPU.Build.0 = Debug|Any CPU
		{BFAAB356-F67D-40A7-9526-2B279F458E87}.Release|Any CPU.ActiveCfg = Release|Any CPU
		{BFAAB356-F67D-40A7-9526-2B279F458E87}.Release|Any CPU.Build.0 = Release|Any CPU
		{1E2ADB20-40C8-421D-BBC5-935485740C52}.Debug|Any CPU.ActiveCfg = Debug|Any CPU
		{1E2ADB20-40C8-421D-BBC5-935485740C52}.Debug|Any CPU.Build.0 = Debug|Any CPU
		{1E2ADB20-40C8-421D-BBC5-935485740C52}.Release|Any CPU.ActiveCfg = Release|Any CPU
		{1E2ADB20-40C8-421D-BBC5-935485740C52}.Release|Any CPU.Build.0 = Release|Any CPU
		{10ECBB03-57FD-4DB9-9531-28309639560E}.Debug|Any CPU.ActiveCfg = Debug|Any CPU
		{10ECBB03-57FD-4DB9-9531-28309639560E}.Debug|Any CPU.Build.0 = Debug|Any CPU
		{10ECBB03-57FD-4DB9-9531-28309639560E}.Release|Any CPU.ActiveCfg = Release|Any CPU
		{10ECBB03-57FD-4DB9-9531-28309639560E}.Release|Any CPU.Build.0 = Release|Any CPU
	EndGlobalSection
	GlobalSection(SolutionProperties) = preSolution
		HideSolutionNode = FALSE
	EndGlobalSection
	GlobalSection(NestedProjects) = preSolution
		{8E7D4AC9-AB34-4F3A-BFC6-7BC7B9AAC9AE} = {87CA7057-3A23-4358-B185-F2128016264F}
		{DE26488A-A102-42B5-8DF6-63AF374926C5} = {9AC7529B-D6E4-4FF6-B3DC-6305F99B6C5C}
		{9C415DD8-24CF-413E-A78C-B39125E38B65} = {9AC7529B-D6E4-4FF6-B3DC-6305F99B6C5C}
		{E4587340-6DFF-4419-8C0F-712CCD0C94A4} = {9AC7529B-D6E4-4FF6-B3DC-6305F99B6C5C}
		{60CC3F3B-2F9A-4C2F-9980-AB467C740D89} = {9AC7529B-D6E4-4FF6-B3DC-6305F99B6C5C}
		{DB44DD2C-2EA5-4A84-AC27-F434032A7A8F} = {9AC7529B-D6E4-4FF6-B3DC-6305F99B6C5C}
		{0EA2AF4E-6D16-4BD2-9177-4FDF10F5F6AD} = {9AC7529B-D6E4-4FF6-B3DC-6305F99B6C5C}
		{0809C737-7D96-4653-8342-EA1E32CB3469} = {9AC7529B-D6E4-4FF6-B3DC-6305F99B6C5C}
		{575140D7-D8EE-49BA-800C-9C821230DD7E} = {9AC7529B-D6E4-4FF6-B3DC-6305F99B6C5C}
		{AD30BC22-20CB-4E91-898B-A22116486C95} = {9AC7529B-D6E4-4FF6-B3DC-6305F99B6C5C}
		{BFAAB356-F67D-40A7-9526-2B279F458E87} = {9AC7529B-D6E4-4FF6-B3DC-6305F99B6C5C}
		{1E2ADB20-40C8-421D-BBC5-935485740C52} = {9AC7529B-D6E4-4FF6-B3DC-6305F99B6C5C}
		{10ECBB03-57FD-4DB9-9531-28309639560E} = {87CA7057-3A23-4358-B185-F2128016264F}
	EndGlobalSection
	GlobalSection(ExtensibilityGlobals) = postSolution
		SolutionGuid = {E6895CA3-350F-41E8-8776-CBEC4503902B}
	EndGlobalSection
EndGlobal
